// !$*UTF8*$!
{
	archiveVersion = 1;
	classes = {
	};
	objectVersion = 56;
	objects = {

/* Begin PBXBuildFile section */
		09CAB6912CB9501F004DEFCB /* AppDelegate.m in Sources */ = {isa = PBXBuildFile; fileRef = 09CAB6902CB9501F004DEFCB /* AppDelegate.m */; };
		09CAB6972CB9501F004DEFCB /* ViewController.m in Sources */ = {isa = PBXBuildFile; fileRef = 09CAB6962CB9501F004DEFCB /* ViewController.m */; };
		09CAB69D2CB9501F004DEFCB /* JQCloudMusic.xcdatamodeld in Sources */ = {isa = PBXBuildFile; fileRef = 09CAB69B2CB9501F004DEFCB /* JQCloudMusic.xcdatamodeld */; };
		09CAB69F2CB95020004DEFCB /* Assets.xcassets in Resources */ = {isa = PBXBuildFile; fileRef = 09CAB69E2CB95020004DEFCB /* Assets.xcassets */; };
		09CAB6A22CB95020004DEFCB /* Base in Resources */ = {isa = PBXBuildFile; fileRef = 09CAB6A12CB95020004DEFCB /* Base */; };
		09CAB6A52CB95020004DEFCB /* main.m in Sources */ = {isa = PBXBuildFile; fileRef = 09CAB6A42CB95020004DEFCB /* main.m */; };
		09CAB6AF2CB95020004DEFCB /* JQCloudMusicTests.m in Sources */ = {isa = PBXBuildFile; fileRef = 09CAB6AE2CB95020004DEFCB /* JQCloudMusicTests.m */; };
		09CAB6B92CB95020004DEFCB /* JQCloudMusicUITests.m in Sources */ = {isa = PBXBuildFile; fileRef = 09CAB6B82CB95020004DEFCB /* JQCloudMusicUITests.m */; };
		09CAB6BB2CB95020004DEFCB /* JQCloudMusicUITestsLaunchTests.m in Sources */ = {isa = PBXBuildFile; fileRef = 09CAB6BA2CB95020004DEFCB /* JQCloudMusicUITestsLaunchTests.m */; };
		09CAB6CC2CB95780004DEFCB /* SplashController.m in Sources */ = {isa = PBXBuildFile; fileRef = 09CAB6CB2CB95780004DEFCB /* SplashController.m */; };
		09CAB6D22CB97C46004DEFCB /* SuperDateUtil.m in Sources */ = {isa = PBXBuildFile; fileRef = 09CAB6D12CB97C46004DEFCB /* SuperDateUtil.m */; };
		09CAB6D52CBA1332004DEFCB /* Localizable.strings in Resources */ = {isa = PBXBuildFile; fileRef = 09CAB6D32CBA1332004DEFCB /* Localizable.strings */; };
		09CAB6DA2CBA1913004DEFCB /* InfoPlist.strings in Resources */ = {isa = PBXBuildFile; fileRef = 09CAB6D82CBA1913004DEFCB /* InfoPlist.strings */; };
		09CAB6DF2CBA280A004DEFCB /* R.m in Sources */ = {isa = PBXBuildFile; fileRef = 09CAB6DE2CBA280A004DEFCB /* R.m */; };
		09CAB6E62CBA5093004DEFCB /* UIColor+Hex.m in Sources */ = {isa = PBXBuildFile; fileRef = 09CAB6E52CBA5093004DEFCB /* UIColor+Hex.m */; };
		09CAB6EA2CBA529C004DEFCB /* UIColor+Config.m in Sources */ = {isa = PBXBuildFile; fileRef = 09CAB6E92CBA529C004DEFCB /* UIColor+Config.m */; };
		09CAB6ED2CBA5633004DEFCB /* UIColor+Theme.m in Sources */ = {isa = PBXBuildFile; fileRef = 09CAB6EC2CBA5633004DEFCB /* UIColor+Theme.m */; };
		09CAB6F02CBA5786004DEFCB /* UIColor+SuperUI.m in Sources */ = {isa = PBXBuildFile; fileRef = 09CAB6EF2CBA5786004DEFCB /* UIColor+SuperUI.m */; };
		09CAB6F42CBA61E7004DEFCB /* BaseController.m in Sources */ = {isa = PBXBuildFile; fileRef = 09CAB6F32CBA61E7004DEFCB /* BaseController.m */; };
		09CAB6F72CBA6389004DEFCB /* BaseCommonController.m in Sources */ = {isa = PBXBuildFile; fileRef = 09CAB6F62CBA6389004DEFCB /* BaseCommonController.m */; };
		09CAB6FA2CBA6485004DEFCB /* BaseLogicController.m in Sources */ = {isa = PBXBuildFile; fileRef = 09CAB6F92CBA6485004DEFCB /* BaseLogicController.m */; };
		09CAB6FD2CBA7C36004DEFCB /* TermServiceDialogController.m in Sources */ = {isa = PBXBuildFile; fileRef = 09CAB6FC2CBA7C36004DEFCB /* TermServiceDialogController.m */; };
		09CAB7002CBAC3B8004DEFCB /* ViewFactoryUtil.m in Sources */ = {isa = PBXBuildFile; fileRef = 09CAB6FF2CBAC3B8004DEFCB /* ViewFactoryUtil.m */; };
		32A0BAB8888FBAE1B965A80C /* Pods_JQCloudMusicTests.framework in Frameworks */ = {isa = PBXBuildFile; fileRef = 79E5A42518171E14F01DB576 /* Pods_JQCloudMusicTests.framework */; };
		6B60053BE17049B245EF5391 /* Pods_JQCloudMusic_JQCloudMusicUITests.framework in Frameworks */ = {isa = PBXBuildFile; fileRef = F8A9D228A3E70BAE2756BF3E /* Pods_JQCloudMusic_JQCloudMusicUITests.framework */; };
		F27B5E00385567DA3A0285E6 /* Pods_JQCloudMusic.framework in Frameworks */ = {isa = PBXBuildFile; fileRef = 34EC971BDB4BFFFC27B06886 /* Pods_JQCloudMusic.framework */; };
/* End PBXBuildFile section */

/* Begin PBXContainerItemProxy section */
		09CAB6AB2CB95020004DEFCB /* PBXContainerItemProxy */ = {
			isa = PBXContainerItemProxy;
			containerPortal = 09CAB6842CB9501F004DEFCB /* Project object */;
			proxyType = 1;
			remoteGlobalIDString = 09CAB68B2CB9501F004DEFCB;
			remoteInfo = JQCloudMusic;
		};
		09CAB6B52CB95020004DEFCB /* PBXContainerItemProxy */ = {
			isa = PBXContainerItemProxy;
			containerPortal = 09CAB6842CB9501F004DEFCB /* Project object */;
			proxyType = 1;
			remoteGlobalIDString = 09CAB68B2CB9501F004DEFCB;
			remoteInfo = JQCloudMusic;
		};
/* End PBXContainerItemProxy section */

/* Begin PBXFileReference section */
		09CAB68C2CB9501F004DEFCB /* JQCloudMusic.app */ = {isa = PBXFileReference; explicitFileType = wrapper.application; includeInIndex = 0; path = JQCloudMusic.app; sourceTree = BUILT_PRODUCTS_DIR; };
		09CAB68F2CB9501F004DEFCB /* AppDelegate.h */ = {isa = PBXFileReference; lastKnownFileType = sourcecode.c.h; path = AppDelegate.h; sourceTree = "<group>"; };
		09CAB6902CB9501F004DEFCB /* AppDelegate.m */ = {isa = PBXFileReference; lastKnownFileType = sourcecode.c.objc; path = AppDelegate.m; sourceTree = "<group>"; };
		09CAB6952CB9501F004DEFCB /* ViewController.h */ = {isa = PBXFileReference; lastKnownFileType = sourcecode.c.h; path = ViewController.h; sourceTree = "<group>"; };
		09CAB6962CB9501F004DEFCB /* ViewController.m */ = {isa = PBXFileReference; lastKnownFileType = sourcecode.c.objc; path = ViewController.m; sourceTree = "<group>"; };
		09CAB69C2CB9501F004DEFCB /* JQCloudMusic.xcdatamodel */ = {isa = PBXFileReference; lastKnownFileType = wrapper.xcdatamodel; path = JQCloudMusic.xcdatamodel; sourceTree = "<group>"; };
		09CAB69E2CB95020004DEFCB /* Assets.xcassets */ = {isa = PBXFileReference; lastKnownFileType = folder.assetcatalog; path = Assets.xcassets; sourceTree = "<group>"; };
		09CAB6A12CB95020004DEFCB /* Base */ = {isa = PBXFileReference; lastKnownFileType = file.storyboard; name = Base; path = Base.lproj/LaunchScreen.storyboard; sourceTree = "<group>"; };
		09CAB6A32CB95020004DEFCB /* Info.plist */ = {isa = PBXFileReference; lastKnownFileType = text.plist.xml; path = Info.plist; sourceTree = "<group>"; };
		09CAB6A42CB95020004DEFCB /* main.m */ = {isa = PBXFileReference; lastKnownFileType = sourcecode.c.objc; path = main.m; sourceTree = "<group>"; };
		09CAB6AA2CB95020004DEFCB /* JQCloudMusicTests.xctest */ = {isa = PBXFileReference; explicitFileType = wrapper.cfbundle; includeInIndex = 0; path = JQCloudMusicTests.xctest; sourceTree = BUILT_PRODUCTS_DIR; };
		09CAB6AE2CB95020004DEFCB /* JQCloudMusicTests.m */ = {isa = PBXFileReference; lastKnownFileType = sourcecode.c.objc; path = JQCloudMusicTests.m; sourceTree = "<group>"; };
		09CAB6B42CB95020004DEFCB /* JQCloudMusicUITests.xctest */ = {isa = PBXFileReference; explicitFileType = wrapper.cfbundle; includeInIndex = 0; path = JQCloudMusicUITests.xctest; sourceTree = BUILT_PRODUCTS_DIR; };
		09CAB6B82CB95020004DEFCB /* JQCloudMusicUITests.m */ = {isa = PBXFileReference; lastKnownFileType = sourcecode.c.objc; path = JQCloudMusicUITests.m; sourceTree = "<group>"; };
		09CAB6BA2CB95020004DEFCB /* JQCloudMusicUITestsLaunchTests.m */ = {isa = PBXFileReference; lastKnownFileType = sourcecode.c.objc; path = JQCloudMusicUITestsLaunchTests.m; sourceTree = "<group>"; };
		09CAB6CA2CB95780004DEFCB /* SplashController.h */ = {isa = PBXFileReference; lastKnownFileType = sourcecode.c.h; path = SplashController.h; sourceTree = "<group>"; };
		09CAB6CB2CB95780004DEFCB /* SplashController.m */ = {isa = PBXFileReference; lastKnownFileType = sourcecode.c.objc; path = SplashController.m; sourceTree = "<group>"; };
		09CAB6D02CB97C46004DEFCB /* SuperDateUtil.h */ = {isa = PBXFileReference; lastKnownFileType = sourcecode.c.h; path = SuperDateUtil.h; sourceTree = "<group>"; };
		09CAB6D12CB97C46004DEFCB /* SuperDateUtil.m */ = {isa = PBXFileReference; lastKnownFileType = sourcecode.c.objc; path = SuperDateUtil.m; sourceTree = "<group>"; };
		09CAB6D42CBA1332004DEFCB /* en */ = {isa = PBXFileReference; lastKnownFileType = text.plist.strings; name = en; path = en.lproj/Localizable.strings; sourceTree = "<group>"; };
		09CAB6D62CBA13D4004DEFCB /* zh-Hans */ = {isa = PBXFileReference; lastKnownFileType = text.plist.strings; name = "zh-Hans"; path = "zh-Hans.lproj/LaunchScreen.strings"; sourceTree = "<group>"; };
		09CAB6D72CBA13D4004DEFCB /* zh-Hans */ = {isa = PBXFileReference; lastKnownFileType = text.plist.strings; name = "zh-Hans"; path = "zh-Hans.lproj/Localizable.strings"; sourceTree = "<group>"; };
		09CAB6D92CBA1913004DEFCB /* en */ = {isa = PBXFileReference; lastKnownFileType = text.plist.strings; name = en; path = en.lproj/InfoPlist.strings; sourceTree = "<group>"; };
		09CAB6DB2CBA191C004DEFCB /* zh-Hans */ = {isa = PBXFileReference; lastKnownFileType = text.plist.strings; name = "zh-Hans"; path = "zh-Hans.lproj/InfoPlist.strings"; sourceTree = "<group>"; };
		09CAB6DD2CBA280A004DEFCB /* R.h */ = {isa = PBXFileReference; fileEncoding = 4; lastKnownFileType = sourcecode.c.h; path = R.h; sourceTree = SOURCE_ROOT; };
		09CAB6DE2CBA280A004DEFCB /* R.m */ = {isa = PBXFileReference; fileEncoding = 4; lastKnownFileType = sourcecode.c.objc; path = R.m; sourceTree = SOURCE_ROOT; };
		09CAB6E42CBA5093004DEFCB /* UIColor+Hex.h */ = {isa = PBXFileReference; lastKnownFileType = sourcecode.c.h; path = "UIColor+Hex.h"; sourceTree = "<group>"; };
		09CAB6E52CBA5093004DEFCB /* UIColor+Hex.m */ = {isa = PBXFileReference; lastKnownFileType = sourcecode.c.objc; path = "UIColor+Hex.m"; sourceTree = "<group>"; };
		09CAB6E82CBA529C004DEFCB /* UIColor+Config.h */ = {isa = PBXFileReference; lastKnownFileType = sourcecode.c.h; path = "UIColor+Config.h"; sourceTree = "<group>"; };
		09CAB6E92CBA529C004DEFCB /* UIColor+Config.m */ = {isa = PBXFileReference; lastKnownFileType = sourcecode.c.objc; path = "UIColor+Config.m"; sourceTree = "<group>"; };
		09CAB6EB2CBA5633004DEFCB /* UIColor+Theme.h */ = {isa = PBXFileReference; lastKnownFileType = sourcecode.c.h; path = "UIColor+Theme.h"; sourceTree = "<group>"; };
		09CAB6EC2CBA5633004DEFCB /* UIColor+Theme.m */ = {isa = PBXFileReference; lastKnownFileType = sourcecode.c.objc; path = "UIColor+Theme.m"; sourceTree = "<group>"; };
		09CAB6EE2CBA5786004DEFCB /* UIColor+SuperUI.h */ = {isa = PBXFileReference; lastKnownFileType = sourcecode.c.h; path = "UIColor+SuperUI.h"; sourceTree = "<group>"; };
		09CAB6EF2CBA5786004DEFCB /* UIColor+SuperUI.m */ = {isa = PBXFileReference; lastKnownFileType = sourcecode.c.objc; path = "UIColor+SuperUI.m"; sourceTree = "<group>"; };
		09CAB6F22CBA61E7004DEFCB /* BaseController.h */ = {isa = PBXFileReference; lastKnownFileType = sourcecode.c.h; path = BaseController.h; sourceTree = "<group>"; };
		09CAB6F32CBA61E7004DEFCB /* BaseController.m */ = {isa = PBXFileReference; lastKnownFileType = sourcecode.c.objc; path = BaseController.m; sourceTree = "<group>"; };
		09CAB6F52CBA6389004DEFCB /* BaseCommonController.h */ = {isa = PBXFileReference; lastKnownFileType = sourcecode.c.h; path = BaseCommonController.h; sourceTree = "<group>"; };
		09CAB6F62CBA6389004DEFCB /* BaseCommonController.m */ = {isa = PBXFileReference; lastKnownFileType = sourcecode.c.objc; path = BaseCommonController.m; sourceTree = "<group>"; };
		09CAB6F82CBA6485004DEFCB /* BaseLogicController.h */ = {isa = PBXFileReference; lastKnownFileType = sourcecode.c.h; path = BaseLogicController.h; sourceTree = "<group>"; };
		09CAB6F92CBA6485004DEFCB /* BaseLogicController.m */ = {isa = PBXFileReference; lastKnownFileType = sourcecode.c.objc; path = BaseLogicController.m; sourceTree = "<group>"; };
		09CAB6FB2CBA7C36004DEFCB /* TermServiceDialogController.h */ = {isa = PBXFileReference; lastKnownFileType = sourcecode.c.h; path = TermServiceDialogController.h; sourceTree = "<group>"; };
		09CAB6FC2CBA7C36004DEFCB /* TermServiceDialogController.m */ = {isa = PBXFileReference; lastKnownFileType = sourcecode.c.objc; path = TermServiceDialogController.m; sourceTree = "<group>"; };
		09CAB6FE2CBAC3B8004DEFCB /* ViewFactoryUtil.h */ = {isa = PBXFileReference; lastKnownFileType = sourcecode.c.h; path = ViewFactoryUtil.h; sourceTree = "<group>"; };
		09CAB6FF2CBAC3B8004DEFCB /* ViewFactoryUtil.m */ = {isa = PBXFileReference; lastKnownFileType = sourcecode.c.objc; path = ViewFactoryUtil.m; sourceTree = "<group>"; };
		09CAB7022CBAC643004DEFCB /* Constant.h */ = {isa = PBXFileReference; lastKnownFileType = sourcecode.c.h; path = Constant.h; sourceTree = "<group>"; };
		34EC971BDB4BFFFC27B06886 /* Pods_JQCloudMusic.framework */ = {isa = PBXFileReference; explicitFileType = wrapper.framework; includeInIndex = 0; path = Pods_JQCloudMusic.framework; sourceTree = BUILT_PRODUCTS_DIR; };
		417E6CA5DA3E0CA027197D27 /* Pods-JQCloudMusicTests.debug.xcconfig */ = {isa = PBXFileReference; includeInIndex = 1; lastKnownFileType = text.xcconfig; name = "Pods-JQCloudMusicTests.debug.xcconfig"; path = "Target Support Files/Pods-JQCloudMusicTests/Pods-JQCloudMusicTests.debug.xcconfig"; sourceTree = "<group>"; };
		4CC30F7BD681888883047412 /* Pods-JQCloudMusic-JQCloudMusicUITests.debug.xcconfig */ = {isa = PBXFileReference; includeInIndex = 1; lastKnownFileType = text.xcconfig; name = "Pods-JQCloudMusic-JQCloudMusicUITests.debug.xcconfig"; path = "Target Support Files/Pods-JQCloudMusic-JQCloudMusicUITests/Pods-JQCloudMusic-JQCloudMusicUITests.debug.xcconfig"; sourceTree = "<group>"; };
		5853F085DD0C202B0CFE8F9D /* Pods-JQCloudMusicTests.release.xcconfig */ = {isa = PBXFileReference; includeInIndex = 1; lastKnownFileType = text.xcconfig; name = "Pods-JQCloudMusicTests.release.xcconfig"; path = "Target Support Files/Pods-JQCloudMusicTests/Pods-JQCloudMusicTests.release.xcconfig"; sourceTree = "<group>"; };
		78BF13EEF8F7F61CD85B5983 /* Pods-JQCloudMusic.release.xcconfig */ = {isa = PBXFileReference; includeInIndex = 1; lastKnownFileType = text.xcconfig; name = "Pods-JQCloudMusic.release.xcconfig"; path = "Target Support Files/Pods-JQCloudMusic/Pods-JQCloudMusic.release.xcconfig"; sourceTree = "<group>"; };
		79E5A42518171E14F01DB576 /* Pods_JQCloudMusicTests.framework */ = {isa = PBXFileReference; explicitFileType = wrapper.framework; includeInIndex = 0; path = Pods_JQCloudMusicTests.framework; sourceTree = BUILT_PRODUCTS_DIR; };
		C4352599BF13B6EC863620F4 /* Pods-JQCloudMusic-JQCloudMusicUITests.release.xcconfig */ = {isa = PBXFileReference; includeInIndex = 1; lastKnownFileType = text.xcconfig; name = "Pods-JQCloudMusic-JQCloudMusicUITests.release.xcconfig"; path = "Target Support Files/Pods-JQCloudMusic-JQCloudMusicUITests/Pods-JQCloudMusic-JQCloudMusicUITests.release.xcconfig"; sourceTree = "<group>"; };
		F8A9D228A3E70BAE2756BF3E /* Pods_JQCloudMusic_JQCloudMusicUITests.framework */ = {isa = PBXFileReference; explicitFileType = wrapper.framework; includeInIndex = 0; path = Pods_JQCloudMusic_JQCloudMusicUITests.framework; sourceTree = BUILT_PRODUCTS_DIR; };
		FFBD8F2D4F4004DBCD15287B /* Pods-JQCloudMusic.debug.xcconfig */ = {isa = PBXFileReference; includeInIndex = 1; lastKnownFileType = text.xcconfig; name = "Pods-JQCloudMusic.debug.xcconfig"; path = "Target Support Files/Pods-JQCloudMusic/Pods-JQCloudMusic.debug.xcconfig"; sourceTree = "<group>"; };
/* End PBXFileReference section */

/* Begin PBXFrameworksBuildPhase section */
		09CAB6892CB9501F004DEFCB /* Frameworks */ = {
			isa = PBXFrameworksBuildPhase;
			buildActionMask = 2147483647;
			files = (
				F27B5E00385567DA3A0285E6 /* Pods_JQCloudMusic.framework in Frameworks */,
			);
			runOnlyForDeploymentPostprocessing = 0;
		};
		09CAB6A72CB95020004DEFCB /* Frameworks */ = {
			isa = PBXFrameworksBuildPhase;
			buildActionMask = 2147483647;
			files = (
				32A0BAB8888FBAE1B965A80C /* Pods_JQCloudMusicTests.framework in Frameworks */,
			);
			runOnlyForDeploymentPostprocessing = 0;
		};
		09CAB6B12CB95020004DEFCB /* Frameworks */ = {
			isa = PBXFrameworksBuildPhase;
			buildActionMask = 2147483647;
			files = (
				6B60053BE17049B245EF5391 /* Pods_JQCloudMusic_JQCloudMusicUITests.framework in Frameworks */,
			);
			runOnlyForDeploymentPostprocessing = 0;
		};
/* End PBXFrameworksBuildPhase section */

/* Begin PBXGroup section */
		078E0048B6FE5810DBDF3DE1 /* Pods */ = {
			isa = PBXGroup;
			children = (
				FFBD8F2D4F4004DBCD15287B /* Pods-JQCloudMusic.debug.xcconfig */,
				78BF13EEF8F7F61CD85B5983 /* Pods-JQCloudMusic.release.xcconfig */,
				4CC30F7BD681888883047412 /* Pods-JQCloudMusic-JQCloudMusicUITests.debug.xcconfig */,
				C4352599BF13B6EC863620F4 /* Pods-JQCloudMusic-JQCloudMusicUITests.release.xcconfig */,
				417E6CA5DA3E0CA027197D27 /* Pods-JQCloudMusicTests.debug.xcconfig */,
				5853F085DD0C202B0CFE8F9D /* Pods-JQCloudMusicTests.release.xcconfig */,
			);
			path = Pods;
			sourceTree = "<group>";
		};
		09CAB6832CB9501F004DEFCB = {
			isa = PBXGroup;
			children = (
				09CAB68E2CB9501F004DEFCB /* JQCloudMusic */,
				09CAB6AD2CB95020004DEFCB /* JQCloudMusicTests */,
				09CAB6B72CB95020004DEFCB /* JQCloudMusicUITests */,
				09CAB68D2CB9501F004DEFCB /* Products */,
				078E0048B6FE5810DBDF3DE1 /* Pods */,
				262DC25882317B543228A00F /* Frameworks */,
			);
			sourceTree = "<group>";
		};
		09CAB68D2CB9501F004DEFCB /* Products */ = {
			isa = PBXGroup;
			children = (
				09CAB68C2CB9501F004DEFCB /* JQCloudMusic.app */,
				09CAB6AA2CB95020004DEFCB /* JQCloudMusicTests.xctest */,
				09CAB6B42CB95020004DEFCB /* JQCloudMusicUITests.xctest */,
			);
			name = Products;
			sourceTree = "<group>";
		};
		09CAB68E2CB9501F004DEFCB /* JQCloudMusic */ = {
			isa = PBXGroup;
			children = (
				09CAB7012CBAC3C7004DEFCB /* Util */,
				09CAB6F12CBA61B6004DEFCB /* Contoller */,
				09CAB6E72CBA525F004DEFCB /* Config */,
				09CAB6CD2CB97B86004DEFCB /* Vender */,
				09CAB6C72CB956F8004DEFCB /* Component */,
				09CAB68F2CB9501F004DEFCB /* AppDelegate.h */,
				09CAB6902CB9501F004DEFCB /* AppDelegate.m */,
				09CAB6952CB9501F004DEFCB /* ViewController.h */,
				09CAB6962CB9501F004DEFCB /* ViewController.m */,
				09CAB69E2CB95020004DEFCB /* Assets.xcassets */,
				09CAB6A02CB95020004DEFCB /* LaunchScreen.storyboard */,
				09CAB6A32CB95020004DEFCB /* Info.plist */,
				09CAB6A42CB95020004DEFCB /* main.m */,
				09CAB6DD2CBA280A004DEFCB /* R.h */,
				09CAB6DE2CBA280A004DEFCB /* R.m */,
				09CAB69B2CB9501F004DEFCB /* JQCloudMusic.xcdatamodeld */,
				09CAB6D32CBA1332004DEFCB /* Localizable.strings */,
				09CAB6D82CBA1913004DEFCB /* InfoPlist.strings */,
			);
			path = JQCloudMusic;
			sourceTree = "<group>";
		};
		09CAB6AD2CB95020004DEFCB /* JQCloudMusicTests */ = {
			isa = PBXGroup;
			children = (
				09CAB6AE2CB95020004DEFCB /* JQCloudMusicTests.m */,
			);
			path = JQCloudMusicTests;
			sourceTree = "<group>";
		};
		09CAB6B72CB95020004DEFCB /* JQCloudMusicUITests */ = {
			isa = PBXGroup;
			children = (
				09CAB6B82CB95020004DEFCB /* JQCloudMusicUITests.m */,
				09CAB6BA2CB95020004DEFCB /* JQCloudMusicUITestsLaunchTests.m */,
			);
			path = JQCloudMusicUITests;
			sourceTree = "<group>";
		};
		09CAB6C72CB956F8004DEFCB /* Component */ = {
			isa = PBXGroup;
			children = (
				09CAB6C82CB9572D004DEFCB /* Splash */,
			);
			path = Component;
			sourceTree = "<group>";
		};
		09CAB6C82CB9572D004DEFCB /* Splash */ = {
			isa = PBXGroup;
			children = (
				09CAB6C92CB9573C004DEFCB /* Controller */,
			);
			path = Splash;
			sourceTree = "<group>";
		};
		09CAB6C92CB9573C004DEFCB /* Controller */ = {
			isa = PBXGroup;
			children = (
				09CAB6CA2CB95780004DEFCB /* SplashController.h */,
				09CAB6CB2CB95780004DEFCB /* SplashController.m */,
				09CAB6FB2CBA7C36004DEFCB /* TermServiceDialogController.h */,
				09CAB6FC2CBA7C36004DEFCB /* TermServiceDialogController.m */,
			);
			path = Controller;
			sourceTree = "<group>";
		};
		09CAB6CD2CB97B86004DEFCB /* Vender */ = {
			isa = PBXGroup;
			children = (
				09CAB6CE2CB97B93004DEFCB /* SuperUI */,
			);
			path = Vender;
			sourceTree = "<group>";
		};
		09CAB6CE2CB97B93004DEFCB /* SuperUI */ = {
			isa = PBXGroup;
			children = (
				09CAB6E32CBA502A004DEFCB /* Color */,
				09CAB6CF2CB97BB6004DEFCB /* Date */,
			);
			path = SuperUI;
			sourceTree = "<group>";
		};
		09CAB6CF2CB97BB6004DEFCB /* Date */ = {
			isa = PBXGroup;
			children = (
				09CAB6D02CB97C46004DEFCB /* SuperDateUtil.h */,
				09CAB6D12CB97C46004DEFCB /* SuperDateUtil.m */,
			);
			path = Date;
			sourceTree = "<group>";
		};
		09CAB6E32CBA502A004DEFCB /* Color */ = {
			isa = PBXGroup;
			children = (
				09CAB6E42CBA5093004DEFCB /* UIColor+Hex.h */,
				09CAB6E52CBA5093004DEFCB /* UIColor+Hex.m */,
				09CAB6EE2CBA5786004DEFCB /* UIColor+SuperUI.h */,
				09CAB6EF2CBA5786004DEFCB /* UIColor+SuperUI.m */,
			);
			path = Color;
			sourceTree = "<group>";
		};
		09CAB6E72CBA525F004DEFCB /* Config */ = {
			isa = PBXGroup;
			children = (
				09CAB6E82CBA529C004DEFCB /* UIColor+Config.h */,
				09CAB6E92CBA529C004DEFCB /* UIColor+Config.m */,
				09CAB6EB2CBA5633004DEFCB /* UIColor+Theme.h */,
				09CAB6EC2CBA5633004DEFCB /* UIColor+Theme.m */,
			);
			path = Config;
			sourceTree = "<group>";
		};
		09CAB6F12CBA61B6004DEFCB /* Contoller */ = {
			isa = PBXGroup;
			children = (
				09CAB6F22CBA61E7004DEFCB /* BaseController.h */,
				09CAB6F32CBA61E7004DEFCB /* BaseController.m */,
				09CAB6F52CBA6389004DEFCB /* BaseCommonController.h */,
				09CAB6F62CBA6389004DEFCB /* BaseCommonController.m */,
				09CAB6F82CBA6485004DEFCB /* BaseLogicController.h */,
				09CAB6F92CBA6485004DEFCB /* BaseLogicController.m */,
			);
			path = Contoller;
			sourceTree = "<group>";
		};
		09CAB7012CBAC3C7004DEFCB /* Util */ = {
			isa = PBXGroup;
			children = (
				09CAB6FE2CBAC3B8004DEFCB /* ViewFactoryUtil.h */,
				09CAB6FF2CBAC3B8004DEFCB /* ViewFactoryUtil.m */,
				09CAB7022CBAC643004DEFCB /* Constant.h */,
			);
			path = Util;
			sourceTree = "<group>";
		};
		262DC25882317B543228A00F /* Frameworks */ = {
			isa = PBXGroup;
			children = (
				34EC971BDB4BFFFC27B06886 /* Pods_JQCloudMusic.framework */,
				F8A9D228A3E70BAE2756BF3E /* Pods_JQCloudMusic_JQCloudMusicUITests.framework */,
				79E5A42518171E14F01DB576 /* Pods_JQCloudMusicTests.framework */,
			);
			name = Frameworks;
			sourceTree = "<group>";
		};
/* End PBXGroup section */

/* Begin PBXNativeTarget section */
		09CAB68B2CB9501F004DEFCB /* JQCloudMusic */ = {
			isa = PBXNativeTarget;
			buildConfigurationList = 09CAB6BE2CB95020004DEFCB /* Build configuration list for PBXNativeTarget "JQCloudMusic" */;
			buildPhases = (
				DB1FD4B86F65CCA46D333197 /* [CP] Check Pods Manifest.lock */,
				09CAB6DC2CBA1C27004DEFCB /* ShellScript */,
				09CAB6882CB9501F004DEFCB /* Sources */,
				09CAB6892CB9501F004DEFCB /* Frameworks */,
				09CAB68A2CB9501F004DEFCB /* Resources */,
				D48E0C5F52B9F88857BAEE0B /* [CP] Embed Pods Frameworks */,
			);
			buildRules = (
			);
			dependencies = (
			);
			name = JQCloudMusic;
			productName = JQCloudMusic;
			productReference = 09CAB68C2CB9501F004DEFCB /* JQCloudMusic.app */;
			productType = "com.apple.product-type.application";
		};
		09CAB6A92CB95020004DEFCB /* JQCloudMusicTests */ = {
			isa = PBXNativeTarget;
			buildConfigurationList = 09CAB6C12CB95020004DEFCB /* Build configuration list for PBXNativeTarget "JQCloudMusicTests" */;
			buildPhases = (
				6572FFA871B2BA42640E8FC7 /* [CP] Check Pods Manifest.lock */,
				09CAB6A62CB95020004DEFCB /* Sources */,
				09CAB6A72CB95020004DEFCB /* Frameworks */,
				09CAB6A82CB95020004DEFCB /* Resources */,
			);
			buildRules = (
			);
			dependencies = (
				09CAB6AC2CB95020004DEFCB /* PBXTargetDependency */,
			);
			name = JQCloudMusicTests;
			productName = JQCloudMusicTests;
			productReference = 09CAB6AA2CB95020004DEFCB /* JQCloudMusicTests.xctest */;
			productType = "com.apple.product-type.bundle.unit-test";
		};
		09CAB6B32CB95020004DEFCB /* JQCloudMusicUITests */ = {
			isa = PBXNativeTarget;
			buildConfigurationList = 09CAB6C42CB95020004DEFCB /* Build configuration list for PBXNativeTarget "JQCloudMusicUITests" */;
			buildPhases = (
				7D75D8B11E189A554CC31458 /* [CP] Check Pods Manifest.lock */,
				09CAB6B02CB95020004DEFCB /* Sources */,
				09CAB6B12CB95020004DEFCB /* Frameworks */,
				09CAB6B22CB95020004DEFCB /* Resources */,
				F664162BF5B2DB85B116EE71 /* [CP] Embed Pods Frameworks */,
			);
			buildRules = (
			);
			dependencies = (
				09CAB6B62CB95020004DEFCB /* PBXTargetDependency */,
			);
			name = JQCloudMusicUITests;
			productName = JQCloudMusicUITests;
			productReference = 09CAB6B42CB95020004DEFCB /* JQCloudMusicUITests.xctest */;
			productType = "com.apple.product-type.bundle.ui-testing";
		};
/* End PBXNativeTarget section */

/* Begin PBXProject section */
		09CAB6842CB9501F004DEFCB /* Project object */ = {
			isa = PBXProject;
			attributes = {
				BuildIndependentTargetsInParallel = 1;
				LastUpgradeCheck = 1530;
				TargetAttributes = {
					09CAB68B2CB9501F004DEFCB = {
						CreatedOnToolsVersion = 15.3;
					};
					09CAB6A92CB95020004DEFCB = {
						CreatedOnToolsVersion = 15.3;
						TestTargetID = 09CAB68B2CB9501F004DEFCB;
					};
					09CAB6B32CB95020004DEFCB = {
						CreatedOnToolsVersion = 15.3;
						TestTargetID = 09CAB68B2CB9501F004DEFCB;
					};
				};
			};
			buildConfigurationList = 09CAB6872CB9501F004DEFCB /* Build configuration list for PBXProject "JQCloudMusic" */;
			compatibilityVersion = "Xcode 14.0";
			developmentRegion = en;
			hasScannedForEncodings = 0;
			knownRegions = (
				en,
				Base,
				"zh-Hans",
			);
			mainGroup = 09CAB6832CB9501F004DEFCB;
			productRefGroup = 09CAB68D2CB9501F004DEFCB /* Products */;
			projectDirPath = "";
			projectRoot = "";
			targets = (
				09CAB68B2CB9501F004DEFCB /* JQCloudMusic */,
				09CAB6A92CB95020004DEFCB /* JQCloudMusicTests */,
				09CAB6B32CB95020004DEFCB /* JQCloudMusicUITests */,
			);
		};
/* End PBXProject section */

/* Begin PBXResourcesBuildPhase section */
		09CAB68A2CB9501F004DEFCB /* Resources */ = {
			isa = PBXResourcesBuildPhase;
			buildActionMask = 2147483647;
			files = (
				09CAB69F2CB95020004DEFCB /* Assets.xcassets in Resources */,
				09CAB6DA2CBA1913004DEFCB /* InfoPlist.strings in Resources */,
				09CAB6D52CBA1332004DEFCB /* Localizable.strings in Resources */,
				09CAB6A22CB95020004DEFCB /* Base in Resources */,
			);
			runOnlyForDeploymentPostprocessing = 0;
		};
		09CAB6A82CB95020004DEFCB /* Resources */ = {
			isa = PBXResourcesBuildPhase;
			buildActionMask = 2147483647;
			files = (
			);
			runOnlyForDeploymentPostprocessing = 0;
		};
		09CAB6B22CB95020004DEFCB /* Resources */ = {
			isa = PBXResourcesBuildPhase;
			buildActionMask = 2147483647;
			files = (
			);
			runOnlyForDeploymentPostprocessing = 0;
		};
/* End PBXResourcesBuildPhase section */

/* Begin PBXShellScriptBuildPhase section */
		09CAB6DC2CBA1C27004DEFCB /* ShellScript */ = {
			isa = PBXShellScriptBuildPhase;
			buildActionMask = 2147483647;
			files = (
			);
			inputFileListPaths = (
			);
			inputPaths = (
			);
			outputFileListPaths = (
			);
			outputPaths = (
			);
			runOnlyForDeploymentPostprocessing = 0;
			shellPath = /bin/sh;
			shellScript = "\"${PODS_ROOT}/R.objc/Robjc\" -p \"$SRCROOT\" --skip-themes\n";
		};
		6572FFA871B2BA42640E8FC7 /* [CP] Check Pods Manifest.lock */ = {
			isa = PBXShellScriptBuildPhase;
			buildActionMask = 2147483647;
			files = (
			);
			inputFileListPaths = (
			);
			inputPaths = (
				"${PODS_PODFILE_DIR_PATH}/Podfile.lock",
				"${PODS_ROOT}/Manifest.lock",
			);
			name = "[CP] Check Pods Manifest.lock";
			outputFileListPaths = (
			);
			outputPaths = (
				"$(DERIVED_FILE_DIR)/Pods-JQCloudMusicTests-checkManifestLockResult.txt",
			);
			runOnlyForDeploymentPostprocessing = 0;
			shellPath = /bin/sh;
			shellScript = "diff \"${PODS_PODFILE_DIR_PATH}/Podfile.lock\" \"${PODS_ROOT}/Manifest.lock\" > /dev/null\nif [ $? != 0 ] ; then\n    # print error to STDERR\n    echo \"error: The sandbox is not in sync with the Podfile.lock. Run 'pod install' or update your CocoaPods installation.\" >&2\n    exit 1\nfi\n# This output is used by Xcode 'outputs' to avoid re-running this script phase.\necho \"SUCCESS\" > \"${SCRIPT_OUTPUT_FILE_0}\"\n";
			showEnvVarsInLog = 0;
		};
		7D75D8B11E189A554CC31458 /* [CP] Check Pods Manifest.lock */ = {
			isa = PBXShellScriptBuildPhase;
			buildActionMask = 2147483647;
			files = (
			);
			inputFileListPaths = (
			);
			inputPaths = (
				"${PODS_PODFILE_DIR_PATH}/Podfile.lock",
				"${PODS_ROOT}/Manifest.lock",
			);
			name = "[CP] Check Pods Manifest.lock";
			outputFileListPaths = (
			);
			outputPaths = (
				"$(DERIVED_FILE_DIR)/Pods-JQCloudMusic-JQCloudMusicUITests-checkManifestLockResult.txt",
			);
			runOnlyForDeploymentPostprocessing = 0;
			shellPath = /bin/sh;
			shellScript = "diff \"${PODS_PODFILE_DIR_PATH}/Podfile.lock\" \"${PODS_ROOT}/Manifest.lock\" > /dev/null\nif [ $? != 0 ] ; then\n    # print error to STDERR\n    echo \"error: The sandbox is not in sync with the Podfile.lock. Run 'pod install' or update your CocoaPods installation.\" >&2\n    exit 1\nfi\n# This output is used by Xcode 'outputs' to avoid re-running this script phase.\necho \"SUCCESS\" > \"${SCRIPT_OUTPUT_FILE_0}\"\n";
			showEnvVarsInLog = 0;
		};
		D48E0C5F52B9F88857BAEE0B /* [CP] Embed Pods Frameworks */ = {
			isa = PBXShellScriptBuildPhase;
			buildActionMask = 2147483647;
			files = (
			);
			inputFileListPaths = (
				"${PODS_ROOT}/Target Support Files/Pods-JQCloudMusic/Pods-JQCloudMusic-frameworks-${CONFIGURATION}-input-files.xcfilelist",
			);
			name = "[CP] Embed Pods Frameworks";
			outputFileListPaths = (
				"${PODS_ROOT}/Target Support Files/Pods-JQCloudMusic/Pods-JQCloudMusic-frameworks-${CONFIGURATION}-output-files.xcfilelist",
			);
			runOnlyForDeploymentPostprocessing = 0;
			shellPath = /bin/sh;
			shellScript = "\"${PODS_ROOT}/Target Support Files/Pods-JQCloudMusic/Pods-JQCloudMusic-frameworks.sh\"\n";
			showEnvVarsInLog = 0;
		};
		DB1FD4B86F65CCA46D333197 /* [CP] Check Pods Manifest.lock */ = {
			isa = PBXShellScriptBuildPhase;
			buildActionMask = 2147483647;
			files = (
			);
			inputFileListPaths = (
			);
			inputPaths = (
				"${PODS_PODFILE_DIR_PATH}/Podfile.lock",
				"${PODS_ROOT}/Manifest.lock",
			);
			name = "[CP] Check Pods Manifest.lock";
			outputFileListPaths = (
			);
			outputPaths = (
				"$(DERIVED_FILE_DIR)/Pods-JQCloudMusic-checkManifestLockResult.txt",
			);
			runOnlyForDeploymentPostprocessing = 0;
			shellPath = /bin/sh;
			shellScript = "diff \"${PODS_PODFILE_DIR_PATH}/Podfile.lock\" \"${PODS_ROOT}/Manifest.lock\" > /dev/null\nif [ $? != 0 ] ; then\n    # print error to STDERR\n    echo \"error: The sandbox is not in sync with the Podfile.lock. Run 'pod install' or update your CocoaPods installation.\" >&2\n    exit 1\nfi\n# This output is used by Xcode 'outputs' to avoid re-running this script phase.\necho \"SUCCESS\" > \"${SCRIPT_OUTPUT_FILE_0}\"\n";
			showEnvVarsInLog = 0;
		};
		F664162BF5B2DB85B116EE71 /* [CP] Embed Pods Frameworks */ = {
			isa = PBXShellScriptBuildPhase;
			buildActionMask = 2147483647;
			files = (
			);
			inputFileListPaths = (
				"${PODS_ROOT}/Target Support Files/Pods-JQCloudMusic-JQCloudMusicUITests/Pods-JQCloudMusic-JQCloudMusicUITests-frameworks-${CONFIGURATION}-input-files.xcfilelist",
			);
			name = "[CP] Embed Pods Frameworks";
			outputFileListPaths = (
				"${PODS_ROOT}/Target Support Files/Pods-JQCloudMusic-JQCloudMusicUITests/Pods-JQCloudMusic-JQCloudMusicUITests-frameworks-${CONFIGURATION}-output-files.xcfilelist",
			);
			runOnlyForDeploymentPostprocessing = 0;
			shellPath = /bin/sh;
			shellScript = "\"${PODS_ROOT}/Target Support Files/Pods-JQCloudMusic-JQCloudMusicUITests/Pods-JQCloudMusic-JQCloudMusicUITests-frameworks.sh\"\n";
			showEnvVarsInLog = 0;
		};
/* End PBXShellScriptBuildPhase section */

/* Begin PBXSourcesBuildPhase section */
		09CAB6882CB9501F004DEFCB /* Sources */ = {
			isa = PBXSourcesBuildPhase;
			buildActionMask = 2147483647;
			files = (
				09CAB6F72CBA6389004DEFCB /* BaseCommonController.m in Sources */,
				09CAB6A52CB95020004DEFCB /* main.m in Sources */,
				09CAB6ED2CBA5633004DEFCB /* UIColor+Theme.m in Sources */,
				09CAB69D2CB9501F004DEFCB /* JQCloudMusic.xcdatamodeld in Sources */,
				09CAB6CC2CB95780004DEFCB /* SplashController.m in Sources */,
				09CAB6972CB9501F004DEFCB /* ViewController.m in Sources */,
				09CAB6912CB9501F004DEFCB /* AppDelegate.m in Sources */,
				09CAB6FA2CBA6485004DEFCB /* BaseLogicController.m in Sources */,
				09CAB6FD2CBA7C36004DEFCB /* TermServiceDialogController.m in Sources */,
				09CAB6E62CBA5093004DEFCB /* UIColor+Hex.m in Sources */,
				09CAB6F42CBA61E7004DEFCB /* BaseController.m in Sources */,
				09CAB6DF2CBA280A004DEFCB /* R.m in Sources */,
				09CAB6EA2CBA529C004DEFCB /* UIColor+Config.m in Sources */,
				09CAB7002CBAC3B8004DEFCB /* ViewFactoryUtil.m in Sources */,
				09CAB6F02CBA5786004DEFCB /* UIColor+SuperUI.m in Sources */,
				09CAB6D22CB97C46004DEFCB /* SuperDateUtil.m in Sources */,
			);
			runOnlyForDeploymentPostprocessing = 0;
		};
		09CAB6A62CB95020004DEFCB /* Sources */ = {
			isa = PBXSourcesBuildPhase;
			buildActionMask = 2147483647;
			files = (
				09CAB6AF2CB95020004DEFCB /* JQCloudMusicTests.m in Sources */,
			);
			runOnlyForDeploymentPostprocessing = 0;
		};
		09CAB6B02CB95020004DEFCB /* Sources */ = {
			isa = PBXSourcesBuildPhase;
			buildActionMask = 2147483647;
			files = (
				09CAB6BB2CB95020004DEFCB /* JQCloudMusicUITestsLaunchTests.m in Sources */,
				09CAB6B92CB95020004DEFCB /* JQCloudMusicUITests.m in Sources */,
			);
			runOnlyForDeploymentPostprocessing = 0;
		};
/* End PBXSourcesBuildPhase section */

/* Begin PBXTargetDependency section */
		09CAB6AC2CB95020004DEFCB /* PBXTargetDependency */ = {
			isa = PBXTargetDependency;
			target = 09CAB68B2CB9501F004DEFCB /* JQCloudMusic */;
			targetProxy = 09CAB6AB2CB95020004DEFCB /* PBXContainerItemProxy */;
		};
		09CAB6B62CB95020004DEFCB /* PBXTargetDependency */ = {
			isa = PBXTargetDependency;
			target = 09CAB68B2CB9501F004DEFCB /* JQCloudMusic */;
			targetProxy = 09CAB6B52CB95020004DEFCB /* PBXContainerItemProxy */;
		};
/* End PBXTargetDependency section */

/* Begin PBXVariantGroup section */
		09CAB6A02CB95020004DEFCB /* LaunchScreen.storyboard */ = {
			isa = PBXVariantGroup;
			children = (
				09CAB6A12CB95020004DEFCB /* Base */,
				09CAB6D62CBA13D4004DEFCB /* zh-Hans */,
			);
			name = LaunchScreen.storyboard;
			sourceTree = "<group>";
		};
		09CAB6D32CBA1332004DEFCB /* Localizable.strings */ = {
			isa = PBXVariantGroup;
			children = (
				09CAB6D42CBA1332004DEFCB /* en */,
				09CAB6D72CBA13D4004DEFCB /* zh-Hans */,
			);
			name = Localizable.strings;
			sourceTree = "<group>";
		};
		09CAB6D82CBA1913004DEFCB /* InfoPlist.strings */ = {
			isa = PBXVariantGroup;
			children = (
				09CAB6D92CBA1913004DEFCB /* en */,
				09CAB6DB2CBA191C004DEFCB /* zh-Hans */,
			);
			name = InfoPlist.strings;
			sourceTree = "<group>";
		};
/* End PBXVariantGroup section */

/* Begin XCBuildConfiguration section */
		09CAB6BC2CB95020004DEFCB /* Debug */ = {
			isa = XCBuildConfiguration;
			buildSettings = {
				ALWAYS_SEARCH_USER_PATHS = NO;
				ASSETCATALOG_COMPILER_GENERATE_SWIFT_ASSET_SYMBOL_EXTENSIONS = YES;
				CLANG_ANALYZER_LOCALIZABILITY_NONLOCALIZED = YES;
				CLANG_ANALYZER_NONNULL = YES;
				CLANG_ANALYZER_NUMBER_OBJECT_CONVERSION = YES_AGGRESSIVE;
				CLANG_CXX_LANGUAGE_STANDARD = "gnu++20";
				CLANG_ENABLE_MODULES = YES;
				CLANG_ENABLE_OBJC_ARC = YES;
				CLANG_ENABLE_OBJC_WEAK = YES;
				CLANG_WARN_BLOCK_CAPTURE_AUTORELEASING = YES;
				CLANG_WARN_BOOL_CONVERSION = YES;
				CLANG_WARN_COMMA = YES;
				CLANG_WARN_CONSTANT_CONVERSION = YES;
				CLANG_WARN_DEPRECATED_OBJC_IMPLEMENTATIONS = YES;
				CLANG_WARN_DIRECT_OBJC_ISA_USAGE = YES_ERROR;
				CLANG_WARN_DOCUMENTATION_COMMENTS = YES;
				CLANG_WARN_EMPTY_BODY = YES;
				CLANG_WARN_ENUM_CONVERSION = YES;
				CLANG_WARN_INFINITE_RECURSION = YES;
				CLANG_WARN_INT_CONVERSION = YES;
				CLANG_WARN_NON_LITERAL_NULL_CONVERSION = YES;
				CLANG_WARN_OBJC_IMPLICIT_RETAIN_SELF = YES;
				CLANG_WARN_OBJC_LITERAL_CONVERSION = YES;
				CLANG_WARN_OBJC_ROOT_CLASS = YES_ERROR;
				CLANG_WARN_QUOTED_INCLUDE_IN_FRAMEWORK_HEADER = YES;
				CLANG_WARN_RANGE_LOOP_ANALYSIS = YES;
				CLANG_WARN_STRICT_PROTOTYPES = YES;
				CLANG_WARN_SUSPICIOUS_MOVE = YES;
				CLANG_WARN_UNGUARDED_AVAILABILITY = YES_AGGRESSIVE;
				CLANG_WARN_UNREACHABLE_CODE = YES;
				CLANG_WARN__DUPLICATE_METHOD_MATCH = YES;
				COPY_PHASE_STRIP = NO;
				DEBUG_INFORMATION_FORMAT = dwarf;
				ENABLE_STRICT_OBJC_MSGSEND = YES;
				ENABLE_TESTABILITY = YES;
				ENABLE_USER_SCRIPT_SANDBOXING = YES;
				GCC_C_LANGUAGE_STANDARD = gnu17;
				GCC_DYNAMIC_NO_PIC = NO;
				GCC_NO_COMMON_BLOCKS = YES;
				GCC_OPTIMIZATION_LEVEL = 0;
				GCC_PREPROCESSOR_DEFINITIONS = (
					"DEBUG=1",
					"$(inherited)",
				);
				GCC_WARN_64_TO_32_BIT_CONVERSION = YES;
				GCC_WARN_ABOUT_RETURN_TYPE = YES_ERROR;
				GCC_WARN_UNDECLARED_SELECTOR = YES;
				GCC_WARN_UNINITIALIZED_AUTOS = YES_AGGRESSIVE;
				GCC_WARN_UNUSED_FUNCTION = YES;
				GCC_WARN_UNUSED_VARIABLE = YES;
				IPHONEOS_DEPLOYMENT_TARGET = 17.4;
				LOCALIZATION_PREFERS_STRING_CATALOGS = YES;
				MTL_ENABLE_DEBUG_INFO = INCLUDE_SOURCE;
				MTL_FAST_MATH = YES;
				ONLY_ACTIVE_ARCH = YES;
				SDKROOT = iphoneos;
			};
			name = Debug;
		};
		09CAB6BD2CB95020004DEFCB /* Release */ = {
			isa = XCBuildConfiguration;
			buildSettings = {
				ALWAYS_SEARCH_USER_PATHS = NO;
				ASSETCATALOG_COMPILER_GENERATE_SWIFT_ASSET_SYMBOL_EXTENSIONS = YES;
				CLANG_ANALYZER_LOCALIZABILITY_NONLOCALIZED = YES;
				CLANG_ANALYZER_NONNULL = YES;
				CLANG_ANALYZER_NUMBER_OBJECT_CONVERSION = YES_AGGRESSIVE;
				CLANG_CXX_LANGUAGE_STANDARD = "gnu++20";
				CLANG_ENABLE_MODULES = YES;
				CLANG_ENABLE_OBJC_ARC = YES;
				CLANG_ENABLE_OBJC_WEAK = YES;
				CLANG_WARN_BLOCK_CAPTURE_AUTORELEASING = YES;
				CLANG_WARN_BOOL_CONVERSION = YES;
				CLANG_WARN_COMMA = YES;
				CLANG_WARN_CONSTANT_CONVERSION = YES;
				CLANG_WARN_DEPRECATED_OBJC_IMPLEMENTATIONS = YES;
				CLANG_WARN_DIRECT_OBJC_ISA_USAGE = YES_ERROR;
				CLANG_WARN_DOCUMENTATION_COMMENTS = YES;
				CLANG_WARN_EMPTY_BODY = YES;
				CLANG_WARN_ENUM_CONVERSION = YES;
				CLANG_WARN_INFINITE_RECURSION = YES;
				CLANG_WARN_INT_CONVERSION = YES;
				CLANG_WARN_NON_LITERAL_NULL_CONVERSION = YES;
				CLANG_WARN_OBJC_IMPLICIT_RETAIN_SELF = YES;
				CLANG_WARN_OBJC_LITERAL_CONVERSION = YES;
				CLANG_WARN_OBJC_ROOT_CLASS = YES_ERROR;
				CLANG_WARN_QUOTED_INCLUDE_IN_FRAMEWORK_HEADER = YES;
				CLANG_WARN_RANGE_LOOP_ANALYSIS = YES;
				CLANG_WARN_STRICT_PROTOTYPES = YES;
				CLANG_WARN_SUSPICIOUS_MOVE = YES;
				CLANG_WARN_UNGUARDED_AVAILABILITY = YES_AGGRESSIVE;
				CLANG_WARN_UNREACHABLE_CODE = YES;
				CLANG_WARN__DUPLICATE_METHOD_MATCH = YES;
				COPY_PHASE_STRIP = NO;
				DEBUG_INFORMATION_FORMAT = "dwarf-with-dsym";
				ENABLE_NS_ASSERTIONS = NO;
				ENABLE_STRICT_OBJC_MSGSEND = YES;
				ENABLE_USER_SCRIPT_SANDBOXING = YES;
				GCC_C_LANGUAGE_STANDARD = gnu17;
				GCC_NO_COMMON_BLOCKS = YES;
				GCC_WARN_64_TO_32_BIT_CONVERSION = YES;
				GCC_WARN_ABOUT_RETURN_TYPE = YES_ERROR;
				GCC_WARN_UNDECLARED_SELECTOR = YES;
				GCC_WARN_UNINITIALIZED_AUTOS = YES_AGGRESSIVE;
				GCC_WARN_UNUSED_FUNCTION = YES;
				GCC_WARN_UNUSED_VARIABLE = YES;
				IPHONEOS_DEPLOYMENT_TARGET = 17.4;
				LOCALIZATION_PREFERS_STRING_CATALOGS = YES;
				MTL_ENABLE_DEBUG_INFO = NO;
				MTL_FAST_MATH = YES;
				SDKROOT = iphoneos;
				VALIDATE_PRODUCT = YES;
			};
			name = Release;
		};
		09CAB6BF2CB95020004DEFCB /* Debug */ = {
			isa = XCBuildConfiguration;
			baseConfigurationReference = FFBD8F2D4F4004DBCD15287B /* Pods-JQCloudMusic.debug.xcconfig */;
			buildSettings = {
				ASSETCATALOG_COMPILER_APPICON_NAME = AppIcon;
				ASSETCATALOG_COMPILER_GLOBAL_ACCENT_COLOR_NAME = AccentColor;
				CODE_SIGN_STYLE = Automatic;
				CURRENT_PROJECT_VERSION = 1;
				ENABLE_USER_SCRIPT_SANDBOXING = NO;
				GENERATE_INFOPLIST_FILE = YES;
				INFOPLIST_FILE = JQCloudMusic/Info.plist;
				INFOPLIST_KEY_UIApplicationSupportsIndirectInputEvents = YES;
				INFOPLIST_KEY_UILaunchStoryboardName = LaunchScreen;
				INFOPLIST_KEY_UISupportedInterfaceOrientations_iPad = "UIInterfaceOrientationPortrait UIInterfaceOrientationPortraitUpsideDown UIInterfaceOrientationLandscapeLeft UIInterfaceOrientationLandscapeRight";
				INFOPLIST_KEY_UISupportedInterfaceOrientations_iPhone = "UIInterfaceOrientationPortrait UIInterfaceOrientationLandscapeLeft UIInterfaceOrientationLandscapeRight";
				LD_RUNPATH_SEARCH_PATHS = (
					"$(inherited)",
					"@executable_path/Frameworks",
				);
				MARKETING_VERSION = 1.0;
				PRODUCT_BUNDLE_IDENTIFIER = ZhangJq.JQCloudMusic;
				PRODUCT_NAME = "$(TARGET_NAME)";
				SWIFT_EMIT_LOC_STRINGS = YES;
				TARGETED_DEVICE_FAMILY = "1,2";
			};
			name = Debug;
		};
		09CAB6C02CB95020004DEFCB /* Release */ = {
			isa = XCBuildConfiguration;
			baseConfigurationReference = 78BF13EEF8F7F61CD85B5983 /* Pods-JQCloudMusic.release.xcconfig */;
			buildSettings = {
				ASSETCATALOG_COMPILER_APPICON_NAME = AppIcon;
				ASSETCATALOG_COMPILER_GLOBAL_ACCENT_COLOR_NAME = AccentColor;
				CODE_SIGN_STYLE = Automatic;
				CURRENT_PROJECT_VERSION = 1;
				ENABLE_USER_SCRIPT_SANDBOXING = NO;
				GENERATE_INFOPLIST_FILE = YES;
				INFOPLIST_FILE = JQCloudMusic/Info.plist;
				INFOPLIST_KEY_UIApplicationSupportsIndirectInputEvents = YES;
				INFOPLIST_KEY_UILaunchStoryboardName = LaunchScreen;
				INFOPLIST_KEY_UISupportedInterfaceOrientations_iPad = "UIInterfaceOrientationPortrait UIInterfaceOrientationPortraitUpsideDown UIInterfaceOrientationLandscapeLeft UIInterfaceOrientationLandscapeRight";
				INFOPLIST_KEY_UISupportedInterfaceOrientations_iPhone = "UIInterfaceOrientationPortrait UIInterfaceOrientationLandscapeLeft UIInterfaceOrientationLandscapeRight";
				LD_RUNPATH_SEARCH_PATHS = (
					"$(inherited)",
					"@executable_path/Frameworks",
				);
				MARKETING_VERSION = 1.0;
				PRODUCT_BUNDLE_IDENTIFIER = ZhangJq.JQCloudMusic;
				PRODUCT_NAME = "$(TARGET_NAME)";
				SWIFT_EMIT_LOC_STRINGS = YES;
				TARGETED_DEVICE_FAMILY = "1,2";
			};
			name = Release;
		};
		09CAB6C22CB95020004DEFCB /* Debug */ = {
			isa = XCBuildConfiguration;
			baseConfigurationReference = 417E6CA5DA3E0CA027197D27 /* Pods-JQCloudMusicTests.debug.xcconfig */;
			buildSettings = {
				BUNDLE_LOADER = "$(TEST_HOST)";
				CODE_SIGN_STYLE = Automatic;
				CURRENT_PROJECT_VERSION = 1;
				GENERATE_INFOPLIST_FILE = YES;
				IPHONEOS_DEPLOYMENT_TARGET = 17.4;
				MARKETING_VERSION = 1.0;
				PRODUCT_BUNDLE_IDENTIFIER = ZhangJq.JQCloudMusicTests;
				PRODUCT_NAME = "$(TARGET_NAME)";
				SWIFT_EMIT_LOC_STRINGS = NO;
				TARGETED_DEVICE_FAMILY = "1,2";
				TEST_HOST = "$(BUILT_PRODUCTS_DIR)/JQCloudMusic.app/$(BUNDLE_EXECUTABLE_FOLDER_PATH)/JQCloudMusic";
			};
			name = Debug;
		};
		09CAB6C32CB95020004DEFCB /* Release */ = {
			isa = XCBuildConfiguration;
			baseConfigurationReference = 5853F085DD0C202B0CFE8F9D /* Pods-JQCloudMusicTests.release.xcconfig */;
			buildSettings = {
				BUNDLE_LOADER = "$(TEST_HOST)";
				CODE_SIGN_STYLE = Automatic;
				CURRENT_PROJECT_VERSION = 1;
				GENERATE_INFOPLIST_FILE = YES;
				IPHONEOS_DEPLOYMENT_TARGET = 17.4;
				MARKETING_VERSION = 1.0;
				PRODUCT_BUNDLE_IDENTIFIER = ZhangJq.JQCloudMusicTests;
				PRODUCT_NAME = "$(TARGET_NAME)";
				SWIFT_EMIT_LOC_STRINGS = NO;
				TARGETED_DEVICE_FAMILY = "1,2";
				TEST_HOST = "$(BUILT_PRODUCTS_DIR)/JQCloudMusic.app/$(BUNDLE_EXECUTABLE_FOLDER_PATH)/JQCloudMusic";
			};
			name = Release;
		};
		09CAB6C52CB95020004DEFCB /* Debug */ = {
			isa = XCBuildConfiguration;
			baseConfigurationReference = 4CC30F7BD681888883047412 /* Pods-JQCloudMusic-JQCloudMusicUITests.debug.xcconfig */;
			buildSettings = {
				CODE_SIGN_STYLE = Automatic;
				CURRENT_PROJECT_VERSION = 1;
				GENERATE_INFOPLIST_FILE = YES;
				MARKETING_VERSION = 1.0;
				PRODUCT_BUNDLE_IDENTIFIER = ZhangJq.JQCloudMusicUITests;
				PRODUCT_NAME = "$(TARGET_NAME)";
				SWIFT_EMIT_LOC_STRINGS = NO;
				TARGETED_DEVICE_FAMILY = "1,2";
				TEST_TARGET_NAME = JQCloudMusic;
			};
			name = Debug;
		};
		09CAB6C62CB95020004DEFCB /* Release */ = {
			isa = XCBuildConfiguration;
			baseConfigurationReference = C4352599BF13B6EC863620F4 /* Pods-JQCloudMusic-JQCloudMusicUITests.release.xcconfig */;
			buildSettings = {
				CODE_SIGN_STYLE = Automatic;
				CURRENT_PROJECT_VERSION = 1;
				GENERATE_INFOPLIST_FILE = YES;
				MARKETING_VERSION = 1.0;
				PRODUCT_BUNDLE_IDENTIFIER = ZhangJq.JQCloudMusicUITests;
				PRODUCT_NAME = "$(TARGET_NAME)";
				SWIFT_EMIT_LOC_STRINGS = NO;
				TARGETED_DEVICE_FAMILY = "1,2";
				TEST_TARGET_NAME = JQCloudMusic;
			};
			name = Release;
		};
/* End XCBuildConfiguration section */

/* Begin XCConfigurationList section */
		09CAB6872CB9501F004DEFCB /* Build configuration list for PBXProject "JQCloudMusic" */ = {
			isa = XCConfigurationList;
			buildConfigurations = (
				09CAB6BC2CB95020004DEFCB /* Debug */,
				09CAB6BD2CB95020004DEFCB /* Release */,
			);
			defaultConfigurationIsVisible = 0;
			defaultConfigurationName = Release;
		};
		09CAB6BE2CB95020004DEFCB /* Build configuration list for PBXNativeTarget "JQCloudMusic" */ = {
			isa = XCConfigurationList;
			buildConfigurations = (
				09CAB6BF2CB95020004DEFCB /* Debug */,
				09CAB6C02CB95020004DEFCB /* Release */,
			);
			defaultConfigurationIsVisible = 0;
			defaultConfigurationName = Release;
		};
		09CAB6C12CB95020004DEFCB /* Build configuration list for PBXNativeTarget "JQCloudMusicTests" */ = {
			isa = XCConfigurationList;
			buildConfigurations = (
				09CAB6C22CB95020004DEFCB /* Debug */,
				09CAB6C32CB95020004DEFCB /* Release */,
			);
			defaultConfigurationIsVisible = 0;
			defaultConfigurationName = Release;
		};
		09CAB6C42CB95020004DEFCB /* Build configuration list for PBXNativeTarget "JQCloudMusicUITests" */ = {
			isa = XCConfigurationList;
			buildConfigurations = (
				09CAB6C52CB95020004DEFCB /* Debug */,
				09CAB6C62CB95020004DEFCB /* Release */,
			);
			defaultConfigurationIsVisible = 0;
			defaultConfigurationName = Release;
		};
/* End XCConfigurationList section */

/* Begin XCVersionGroup section */
		09CAB69B2CB9501F004DEFCB /* JQCloudMusic.xcdatamodeld */ = {
			isa = XCVersionGroup;
			children = (
				09CAB69C2CB9501F004DEFCB /* JQCloudMusic.xcdatamodel */,
			);
			currentVersion = 09CAB69C2CB9501F004DEFCB /* JQCloudMusic.xcdatamodel */;
			path = JQCloudMusic.xcdatamodeld;
			sourceTree = "<group>";
			versionGroupType = wrapper.xcdatamodel;
		};
/* End XCVersionGroup section */
	};
	rootObject = 09CAB6842CB9501F004DEFCB /* Project object */;
}
